lockfileVersion: '9.0'

settings:
  autoInstallPeers: true
  excludeLinksFromLockfile: false

importers:

  .:
    devDependencies:
      '@tauri-apps/cli':
        specifier: 2.9.0
        version: 2.9.0

packages:

  '@tauri-apps/cli-darwin-arm64@2.9.0':
    resolution: {integrity: sha512-A2Wo2gvtPDymSApnLlKGVuX/b6rvVtdlTh80qta7j0jgc+tK0dyX8+puDufthUR3VPBRsVmV+XWfEJKnaqMLjg==}
    engines: {node: '>= 10'}
    cpu: [arm64]
    os: [darwin]

  '@tauri-apps/cli-darwin-x64@2.9.0':
    resolution: {integrity: sha512-RfFB1BB7cqPuPWwKtROXYkN9F760jwYIHpxXgg5AocEQ0c6XynWPMLnYvy77jEyycbYt6cWeIwhiWQYsRbWESA==}
    engines: {node: '>= 10'}
    cpu: [x64]
    os: [darwin]

  '@tauri-apps/cli-linux-arm-gnueabihf@2.9.0':
    resolution: {integrity: sha512-n1Gs41458ktY6FMTow/M6AWzy5EYhH1vJ2rdkNAwgX1u086xHCM8PbnowQVgJbRjhrJCUoq7E36EjSy2awHTvA==}
    engines: {node: '>= 10'}
    cpu: [arm]
    os: [linux]

  '@tauri-apps/cli-linux-arm64-gnu@2.9.0':
    resolution: {integrity: sha512-E2y+egQvm7nZbl6cv2Nt1kYw5H8rJG2IisGj9bzJbd8ygSsWJK4Rdw6KW9Ml9iZL7+GuYGihOtlMcyQ6uykw2g==}
    engines: {node: '>= 10'}
    cpu: [arm64]
    os: [linux]

  '@tauri-apps/cli-linux-arm64-musl@2.9.0':
    resolution: {integrity: sha512-TH09uepDx3LE7+DSzn9x04ilM0pouguwD6Cjq+A2NdDOu2UkZ3rWux77lMiiuO5fQAGYQAs0BtLjkzcTDoUHTQ==}
    engines: {node: '>= 10'}
    cpu: [arm64]
    os: [linux]

  '@tauri-apps/cli-linux-riscv64-gnu@2.9.0':
    resolution: {integrity: sha512-s0ENNDStw8tLScc/K5gS4xE8VrDaFbyCCgYHylrBsIqKQT4rYZLHH3WyzWxxLXIOhPzkczw6MPxt0GdUVPH97A==}
    engines: {node: '>= 10'}
    cpu: [riscv64]
    os: [linux]

  '@tauri-apps/cli-linux-x64-gnu@2.9.0':
    resolution: {integrity: sha512-stBAjrxfcrJLdmvF3jQskq/Ks/ar4TRyk45kfpD9/0c/8WWDKKWu+z6+ynGNkDYfm9GpbQOQDAjfX0BPWodZZw==}
    engines: {node: '>= 10'}
    cpu: [x64]
    os: [linux]

  '@tauri-apps/cli-linux-x64-musl@2.9.0':
    resolution: {integrity: sha512-fxR/cG3DVuVFDoBCvAGzbVdNfHAdMfNG32aBR1j6y+0+Ys4ZF+a4SNBbMNGdJ2gQc6/QVciswYMSfSs9hP3GZA==}
    engines: {node: '>= 10'}
    cpu: [x64]
    os: [linux]

  '@tauri-apps/cli-win32-arm64-msvc@2.9.0':
    resolution: {integrity: sha512-YIyRvIaYyPRlf1XB0HOLI3q9rkBpb9a8Cl6+PRopTsnXQqlfZIBG5A2KmQO90PkvmyVC6CprGcvK0U28l4MUow==}
    engines: {node: '>= 10'}
    cpu: [arm64]
    os: [win32]

  '@tauri-apps/cli-win32-ia32-msvc@2.9.0':
    resolution: {integrity: sha512-Z6a6J+KT0DvjoWSz/R0EDRUCr0DDl/sp10sL1OuJLGnsl36lXWF10YuhJua3dQHizzJzkHpWAV/k1EBxjf10fQ==}
    engines: {node: '>= 10'}
    cpu: [ia32]
    os: [win32]

  '@tauri-apps/cli-win32-x64-msvc@2.9.0':
    resolution: {integrity: sha512-Ja2LCRGhEBV/FxRF3ofGGO8ZAVrZt5P0MKkAyJ2wQGRB7xcFoadmnkKwpF0uFOjT/6ygh4f/RV46cjo3pbZxyA==}
    engines: {node: '>= 10'}
    cpu: [x64]
    os: [win32]

  '@tauri-apps/cli@2.9.0':
    resolution: {integrity: sha512-Rq67+sgiiUot95kjn+6eP8gTRw9YL839gutPx5bAsGtlQ8n9S6qo2VSQkogYsiHlJs14hQpYACn/EIswH6sHzw==}
    engines: {node: '>= 10'}
    hasBin: true

snapshots:

  '@tauri-apps/cli-darwin-arm64@2.9.0':
    optional: true

  '@tauri-apps/cli-darwin-x64@2.9.0':
    optional: true

  '@tauri-apps/cli-linux-arm-gnueabihf@2.9.0':
    optional: true

  '@tauri-apps/cli-linux-arm64-gnu@2.9.0':
    optional: true

  '@tauri-apps/cli-linux-arm64-musl@2.9.0':
    optional: true

  '@tauri-apps/cli-linux-riscv64-gnu@2.9.0':
    optional: true

  '@tauri-apps/cli-linux-x64-gnu@2.9.0':
    optional: true

  '@tauri-apps/cli-linux-x64-musl@2.9.0':
    optional: true

  '@tauri-apps/cli-win32-arm64-msvc@2.9.0':
    optional: true

  '@tauri-apps/cli-win32-ia32-msvc@2.9.0':
    optional: true

  '@tauri-apps/cli-win32-x64-msvc@2.9.0':
    optional: true

  '@tauri-apps/cli@2.9.0':
    optionalDependencies:
      '@tauri-apps/cli-darwin-arm64': 2.9.0
      '@tauri-apps/cli-darwin-x64': 2.9.0
      '@tauri-apps/cli-linux-arm-gnueabihf': 2.9.0
      '@tauri-apps/cli-linux-arm64-gnu': 2.9.0
      '@tauri-apps/cli-linux-arm64-musl': 2.9.0
      '@tauri-apps/cli-linux-riscv64-gnu': 2.9.0
      '@tauri-apps/cli-linux-x64-gnu': 2.9.0
      '@tauri-apps/cli-linux-x64-musl': 2.9.0
      '@tauri-apps/cli-win32-arm64-msvc': 2.9.0
      '@tauri-apps/cli-win32-ia32-msvc': 2.9.0
      '@tauri-apps/cli-win32-x64-msvc': 2.9.0
